{
  "name": "liquid-xtal",
  "version": "0.0.0",
  "lockfileVersion": 1,
  "requires": true,
  "dependencies": {
    "trans-render": {
      "version": "0.0.293",
      "resolved": "https://registry.npmjs.org/trans-render/-/trans-render-0.0.293.tgz",
      "integrity": "sha512-0phCzpwNIGbdAH/sxY1vV5/3iaDInhLTl4ZYSMSIn3RTG9kRREhXjROvXfub6Wv/u72l/UyIHKiZi+Yf6y6HTA=="
    },
    "xtal-element": {
      "version": "0.0.420",
      "resolved": "https://registry.npmjs.org/xtal-element/-/xtal-element-0.0.420.tgz",
      "integrity": "sha512-IwLvAdiM5w3/GK1r5ZlCheVFjlopiSmejNYfkRUu3pHI2DIk8wICcsyD8flkyrMAPBshu90LauGEyy+5q5HqAw==",
      "requires": {
        "trans-render": "0.0.291"
      },
      "dependencies": {
        "trans-render": {
          "version": "0.0.291",
          "resolved": "https://registry.npmjs.org/trans-render/-/trans-render-0.0.291.tgz",
          "integrity": "sha512-r46oEbKv4D/0jix0DSADgITy1vVoU6QMsqy71FPpmn0S0hZElWl31pyJxa1hnQFO1KzCDmRxjP3iR9doQplVgQ=="
        }
      }
    }
  }
}
